
Microsoft Visual Studio Solution File, Format Version 12.00
# Visual Studio 15
VisualStudioVersion = 15.0.28307.271
MinimumVisualStudioVersion = 10.0.40219.1
Project("{FAE04EC0-301F-11D3-BF4B-00C04F79EFBC}") = "OptionalCertificateOverMasterKeyProvider", "OptionalCertificateOverMasterKeyProvider\OptionalCertificateOverMasterKeyProvider.csproj", "{3A7A0ECD-58E1-4FA2-97D3-0DDC6CE32724}"
EndProject
Project("{FAE04EC0-301F-11D3-BF4B-00C04F79EFBC}") = "TestConsole", "TestConsole\TestConsole.csproj", "{1B365B9A-73B4-4A6A-A7CB-9B2CC46B0518}"
EndProject
Global
	GlobalSection(SolutionConfigurationPlatforms) = preSolution
		Debug|Any CPU = Debug|Any CPU
		Release|Any CPU = Release|Any CPU
	EndGlobalSection
	GlobalSection(ProjectConfigurationPlatforms) = postSolution
		{3A7A0ECD-58E1-4FA2-97D3-0DDC6CE32724}.Debug|Any CPU.ActiveCfg = Debug|Any CPU
		{3A7A0ECD-58E1-4FA2-97D3-0DDC6CE32724}.Debug|Any CPU.Build.0 = Debug|Any CPU
		{3A7A0ECD-58E1-4FA2-97D3-0DDC6CE32724}.Release|Any CPU.ActiveCfg = Release|Any CPU
		{3A7A0ECD-58E1-4FA2-97D3-0DDC6CE32724}.Release|Any CPU.Build.0 = Release|Any CPU
		{1B365B9A-73B4-4A6A-A7CB-9B2CC46B0518}.Debug|Any CPU.ActiveCfg = Debug|Any CPU
		{1B365B9A-73B4-4A6A-A7CB-9B2CC46B0518}.Debug|Any CPU.Build.0 = Debug|Any CPU
		{1B365B9A-73B4-4A6A-A7CB-9B2CC46B0518}.Release|Any CPU.ActiveCfg = Release|Any CPU
		{1B365B9A-73B4-4A6A-A7CB-9B2CC46B0518}.Release|Any CPU.Build.0 = Release|Any CPU
	EndGlobalSection
	GlobalSection(SolutionProperties) = preSolution
		HideSolutionNode = FALSE
	EndGlobalSection
	GlobalSection(ExtensibilityGlobals) = postSolution
		SolutionGuid = {2DE86EA6-098D-4D34-A349-3865D65D7B53}
	EndGlobalSection
EndGlobal
